PODS:
  - ActionSheetPicker-3.0 (2.2.0)
  - AFNetworking (2.7.0):
    - AFNetworking/NSURLConnection (= 2.7.0)
    - AFNetworking/NSURLSession (= 2.7.0)
    - AFNetworking/Reachability (= 2.7.0)
    - AFNetworking/Security (= 2.7.0)
    - AFNetworking/Serialization (= 2.7.0)
    - AFNetworking/UIKit (= 2.7.0)
  - AFNetworking/NSURLConnection (2.7.0):
    - AFNetworking/Reachability
    - AFNetworking/Security
    - AFNetworking/Serialization
  - AFNetworking/NSURLSession (2.7.0):
    - AFNetworking/Reachability
    - AFNetworking/Security
    - AFNetworking/Serialization
  - AFNetworking/Reachability (2.7.0)
  - AFNetworking/Security (2.7.0)
  - AFNetworking/Serialization (2.7.0)
  - AFNetworking/UIKit (2.7.0):
    - AFNetworking/NSURLConnection
    - AFNetworking/NSURLSession
  - Crashlytics (3.9.3):
    - Fabric (~> 1.7.2)
  - CRToast (0.0.9)
  - Fabric (1.7.13)
  - FacebookSDK (5.9.0):
    - FacebookSDK/CoreKit (= 5.9.0)
    - FacebookSDK/MarketingKit (= 5.9.0)
  - FacebookSDK/CoreKit (5.9.0):
    - FBSDKCoreKit (~> 5.0)
  - FacebookSDK/LoginKit (5.9.0):
    - FacebookSDK/CoreKit
    - FBSDKLoginKit (~> 5.0)
  - FacebookSDK/MarketingKit (5.9.0):
    - FacebookSDK/CoreKit
    - FBSDKMarketingKit (~> 5.0)
  - FacebookSDK/ShareKit (5.9.0):
    - FacebookSDK/CoreKit
    - FBSDKShareKit (~> 5.0)
  - FBSDKCoreKit (5.8.0):
    - FBSDKCoreKit/Basics (= 5.8.0)
    - FBSDKCoreKit/Core (= 5.8.0)
  - FBSDKCoreKit/Basics (5.8.0)
  - FBSDKCoreKit/Core (5.8.0):
    - FBSDKCoreKit/Basics
  - FBSDKLoginKit (5.8.0):
    - FBSDKLoginKit/Login (= 5.8.0)
  - FBSDKLoginKit/Login (5.8.0):
    - FBSDKCoreKit (~> 5.0)
  - FBSDKMarketingKit (5.9.0):
    - FBSDKCoreKit (~> 5.5)
  - FBSDKShareKit (5.8.0):
    - FBSDKShareKit/Share (= 5.8.0)
  - FBSDKShareKit/Share (5.8.0):
    - FBSDKCoreKit (~> 5.0)
  - Firebase/Core (5.17.0):
    - Firebase/CoreOnly
    - FirebaseAnalytics (= 5.6.0)
  - Firebase/CoreOnly (5.17.0):
    - FirebaseCore (= 5.3.0)
  - FirebaseAnalytics (5.6.0):
    - FirebaseCore (~> 5.3)
    - FirebaseInstanceID (~> 3.5)
    - GoogleAppMeasurement (= 5.6.0)
    - GoogleUtilities/AppDelegateSwizzler (~> 5.2)
    - GoogleUtilities/MethodSwizzler (~> 5.2)
    - GoogleUtilities/Network (~> 5.2)
    - "GoogleUtilities/NSData+zlib (~> 5.2)"
    - nanopb (~> 0.3)
  - FirebaseCore (5.3.0):
    - GoogleUtilities/Logger (~> 5.2)
  - FirebaseInstanceID (3.5.0):
    - FirebaseCore (~> 5.3)
    - GoogleUtilities/Environment (~> 5.3)
    - GoogleUtilities/UserDefaults (~> 5.3)
  - GoogleAppMeasurement (5.6.0):
    - GoogleUtilities/AppDelegateSwizzler (~> 5.2)
    - GoogleUtilities/MethodSwizzler (~> 5.2)
    - GoogleUtilities/Network (~> 5.2)
    - "GoogleUtilities/NSData+zlib (~> 5.2)"
    - nanopb (~> 0.3)
  - GoogleUtilities/AppDelegateSwizzler (5.3.7):
    - GoogleUtilities/Environment
    - GoogleUtilities/Logger
    - GoogleUtilities/Network
  - GoogleUtilities/Environment (5.3.7)
  - GoogleUtilities/Logger (5.3.7):
    - GoogleUtilities/Environment
  - GoogleUtilities/MethodSwizzler (5.3.7):
    - GoogleUtilities/Logger
  - GoogleUtilities/Network (5.3.7):
    - GoogleUtilities/Logger
    - "GoogleUtilities/NSData+zlib"
    - GoogleUtilities/Reachability
  - "GoogleUtilities/NSData+zlib (5.3.7)"
  - GoogleUtilities/Reachability (5.3.7):
    - GoogleUtilities/Logger
  - GoogleUtilities/UserDefaults (5.3.7):
    - GoogleUtilities/Logger
  - KASlideShow (2.2)
  - KIF (3.7.4):
    - KIF/Core (= 3.7.4)
  - KIF/Core (3.7.4)
  - LinqToObjectiveC (2.1.0)
  - MRProgress (0.8.3):
    - MRProgress/ActivityIndicator (= 0.8.3)
    - MRProgress/Blur (= 0.8.3)
    - MRProgress/Circular (= 0.8.3)
    - MRProgress/Icons (= 0.8.3)
    - MRProgress/NavigationBarProgress (= 0.8.3)
    - MRProgress/Overlay (= 0.8.3)
  - MRProgress/ActivityIndicator (0.8.3):
    - MRProgress/Stopable
  - MRProgress/Blur (0.8.3):
    - MRProgress/Helper
  - MRProgress/Circular (0.8.3):
    - MRProgress/Helper
    - MRProgress/ProgressBaseClass
    - MRProgress/Stopable
  - MRProgress/Helper (0.8.3)
  - MRProgress/Icons (0.8.3)
  - MRProgress/NavigationBarProgress (0.8.3):
    - MRProgress/ProgressBaseClass
  - MRProgress/Overlay (0.8.3):
    - MRProgress/ActivityIndicator
    - MRProgress/Blur
    - MRProgress/Circular
    - MRProgress/Helper
    - MRProgress/Icons
  - MRProgress/ProgressBaseClass (0.8.3)
  - MRProgress/Stopable (0.8.3):
    - MRProgress/Helper
  - nanopb (0.3.901):
    - nanopb/decode (= 0.3.901)
    - nanopb/encode (= 0.3.901)
  - nanopb/decode (0.3.901)
  - nanopb/encode (0.3.901)
  - Reachability (3.2)
  - SDWebImage (3.8.2):
    - SDWebImage/Core (= 3.8.2)
  - SDWebImage/Core (3.8.2)
  - UIActivityIndicator-for-SDWebImage (1.2):
    - SDWebImage (~> 3.7)
  - ZDCChat (1.4.0):
    - ZDCChat/API (= 1.4.0)
    - ZDCChat/Localization (= 1.4.0)
    - ZDCChat/UI (= 1.4.0)
  - ZDCChat/API (1.4.0)
  - ZDCChat/Localization (1.4.0)
  - ZDCChat/UI (1.4.0):
    - ZDCChat/API

DEPENDENCIES:
  - ActionSheetPicker-3.0 (~> 2.2.0)
  - AFNetworking (~> 2.6)
  - Crashlytics (~> 3.9.3)
  - CRToast
  - Fabric
  - FacebookSDK
  - FacebookSDK/LoginKit
  - FacebookSDK/ShareKit
  - Firebase/Core
  - KASlideShow (= 2.2)
  - KIF
  - LinqToObjectiveC
  - MRProgress
  - Reachability
  - SDWebImage
  - UIActivityIndicator-for-SDWebImage
  - ZDCChat

SPEC REPOS:
  https://github.com/CocoaPods/Specs.git:
    - ActionSheetPicker-3.0
    - AFNetworking
    - Crashlytics
    - CRToast
    - Fabric
    - Firebase
    - FirebaseAnalytics
    - FirebaseCore
    - FirebaseInstanceID
    - GoogleAppMeasurement
    - GoogleUtilities
    - KASlideShow
    - KIF
    - LinqToObjectiveC
    - MRProgress
    - nanopb
    - Reachability
    - SDWebImage
    - UIActivityIndicator-for-SDWebImage
    - ZDCChat
  trunk:
    - FacebookSDK
    - FBSDKCoreKit
    - FBSDKLoginKit
    - FBSDKMarketingKit
    - FBSDKShareKit

SPEC CHECKSUMS:
  ActionSheetPicker-3.0: d11a4c12c6aaf704b8a3f56d179198c99f3e41e6
  AFNetworking: 8dd5f9b9691e09186393069a12cc3b5ed7c8b511
  Crashlytics: dbb07d01876c171c5ccbdf7826410380189e452c
  CRToast: 5a78c22b921c5ed3487488af605bc403a9c92fed
  Fabric: 25d0963b691fc97be566392243ff0ecef5a68338
  FacebookSDK: 4c2af71cd691904a1829503fa38f33cbc922b3ae
  FBSDKCoreKit: e7dcac0aabcfb09d0166998edd95fe3b05a0ce5d
  FBSDKLoginKit: 1b0cf04df0370b37404213157b060d6666ede814
  FBSDKMarketingKit: 9978074f24b325d3d4f479d90906daf23f80cf67
  FBSDKShareKit: abc29e1bb4f9f59f679adf1ae191006d68455f96
  Firebase: 59d557e064217fab6a03ff00baa73c06e73832e6
  FirebaseAnalytics: 75e4bbc6417d190cc98ec1f17c41a4fad4c2c976
  FirebaseCore: c0c4befb82374d6aef64d800e569f47625352edc
  FirebaseInstanceID: 4522aad88f69297622062c0e9ffccdee3dd9b151
  GoogleAppMeasurement: 008e04ecd8efedd97a693aea8634aefe220bd26e
  GoogleUtilities: 111a012f4c3a29c9e7c954c082fafd6ee3c999c0
  KASlideShow: 380f5ecee5f14370c9435ecedccee5b35fb69c5f
  KIF: f3d01c109ee9d1cfe6b0f2bb2aa278e807e971e2
  LinqToObjectiveC: f0e40c137a458b6b9725c4c7b6a575c0c72e3aec
  MRProgress: 16de7cc9f347e8846797a770db102a323fe7ef09
  nanopb: 2901f78ea1b7b4015c860c2fdd1ea2fee1a18d48
  Reachability: 33e18b67625424e47b6cde6d202dce689ad7af96
  SDWebImage: 098e97e6176540799c27e804c96653ee0833d13c
  UIActivityIndicator-for-SDWebImage: 7bf7ebbf0ed1747dedc0d6e949c4603a6d0f9e0c
  ZDCChat: 1def9764647bb81cf71aebd9df38aa4024c52d12

PODFILE CHECKSUM: f621239bab90c9beb0f83085f4c1987a1808dd43

COCOAPODS: 1.8.4
