PODS:
  - ActionSheetPicker-3.0 (2.2.0)
  - AFNetworking (2.6.3):
    - AFNetworking/NSURLConnection (= 2.6.3)
    - AFNetworking/NSURLSession (= 2.6.3)
    - AFNetworking/Reachability (= 2.6.3)
    - AFNetworking/Security (= 2.6.3)
    - AFNetworking/Serialization (= 2.6.3)
    - AFNetworking/UIKit (= 2.6.3)
  - AFNetworking/NSURLConnection (2.6.3):
    - AFNetworking/Reachability
    - AFNetworking/Security
    - AFNetworking/Serialization
  - AFNetworking/NSURLSession (2.6.3):
    - AFNetworking/Reachability
    - AFNetworking/Security
    - AFNetworking/Serialization
  - AFNetworking/Reachability (2.6.3)
  - AFNetworking/Security (2.6.3)
  - AFNetworking/Serialization (2.6.3)
  - AFNetworking/UIKit (2.6.3):
    - AFNetworking/NSURLConnection
    - AFNetworking/NSURLSession
  - Crashlytics (3.8.3):
    - Fabric (~> 1.6.3)
  - CRToast (0.0.9)
  - Fabric (1.6.11)
  - KASlideShow (2.2)
  - KIF (3.4.2):
    - KIF/Core (= 3.4.2)
  - KIF/Core (3.4.2)
  - LinqToObjectiveC (2.1.0)
  - MRProgress (0.8.3):
    - MRProgress/ActivityIndicator (= 0.8.3)
    - MRProgress/Blur (= 0.8.3)
    - MRProgress/Circular (= 0.8.3)
    - MRProgress/Icons (= 0.8.3)
    - MRProgress/NavigationBarProgress (= 0.8.3)
    - MRProgress/Overlay (= 0.8.3)
  - MRProgress/ActivityIndicator (0.8.3):
    - MRProgress/Stopable
  - MRProgress/Blur (0.8.3):
    - MRProgress/Helper
  - MRProgress/Circular (0.8.3):
    - MRProgress/Helper
    - MRProgress/ProgressBaseClass
    - MRProgress/Stopable
  - MRProgress/Helper (0.8.3)
  - MRProgress/Icons (0.8.3)
  - MRProgress/NavigationBarProgress (0.8.3):
    - MRProgress/ProgressBaseClass
  - MRProgress/Overlay (0.8.3):
    - MRProgress/ActivityIndicator
    - MRProgress/Blur
    - MRProgress/Circular
    - MRProgress/Helper
    - MRProgress/Icons
  - MRProgress/ProgressBaseClass (0.8.3)
  - MRProgress/Stopable (0.8.3):
    - MRProgress/Helper
  - Reachability (3.2)
  - SDWebImage (3.8.2):
    - SDWebImage/Core (= 3.8.2)
  - SDWebImage/Core (3.8.2)
  - TestFairy (1.8.0)
  - UIActivityIndicator-for-SDWebImage (1.2):
    - SDWebImage (~> 3.7)

DEPENDENCIES:
  - ActionSheetPicker-3.0 (~> 2.2.0)
  - AFNetworking (~> 2.6)
  - Crashlytics
  - CRToast
  - Fabric
  - KASlideShow (= 2.2)
  - KIF
  - LinqToObjectiveC
  - MRProgress
  - Reachability
  - SDWebImage
  - TestFairy
  - UIActivityIndicator-for-SDWebImage

SPEC CHECKSUMS:
  ActionSheetPicker-3.0: d11a4c12c6aaf704b8a3f56d179198c99f3e41e6
  AFNetworking: cb8d14a848e831097108418f5d49217339d4eb60
  Crashlytics: 2b6dbe138a42395577cfa73dfa1aa7248cadf39e
  CRToast: 5a78c22b921c5ed3487488af605bc403a9c92fed
  Fabric: 5911403591946b8228ab1c51d98f1d7137e863c6
  KASlideShow: 380f5ecee5f14370c9435ecedccee5b35fb69c5f
  KIF: b518c9831453abea5afdbbde3908ec47832d6d56
  LinqToObjectiveC: f0e40c137a458b6b9725c4c7b6a575c0c72e3aec
  MRProgress: 16de7cc9f347e8846797a770db102a323fe7ef09
  Reachability: 33e18b67625424e47b6cde6d202dce689ad7af96
  SDWebImage: 098e97e6176540799c27e804c96653ee0833d13c
  TestFairy: 2c8949075dd7ccc7783fc75c24390266d2c6a77f
  UIActivityIndicator-for-SDWebImage: 7bf7ebbf0ed1747dedc0d6e949c4603a6d0f9e0c

PODFILE CHECKSUM: 72f809a46cee65b0363c0670af72c9b1d8a72598

COCOAPODS: 1.1.1
